
Microsoft Visual Studio Solution File, Format Version 12.00
# Visual Studio Version 17
VisualStudioVersion = 17.7.34202.233
MinimumVisualStudioVersion = 10.0.40219.1
Project("{FAE04EC0-301F-11D3-BF4B-00C04F79EFBC}") = "Consola", "Consola.csproj", "{CF925DBF-7CB2-4BA4-A80B-F70B21E7D057}"
EndProject
Global
	GlobalSection(SolutionConfigurationPlatforms) = preSolution
		Debug|Any CPU = Debug|Any CPU
		Release|Any CPU = Release|Any CPU
	EndGlobalSection
	GlobalSection(ProjectConfigurationPlatforms) = postSolution
		{CF925DBF-7CB2-4BA4-A80B-F70B21E7D057}.Debug|Any CPU.ActiveCfg = Debug|Any CPU
		{CF925DBF-7CB2-4BA4-A80B-F70B21E7D057}.Debug|Any CPU.Build.0 = Debug|Any CPU
		{CF925DBF-7CB2-4BA4-A80B-F70B21E7D057}.Release|Any CPU.ActiveCfg = Release|Any CPU
		{CF925DBF-7CB2-4BA4-A80B-F70B21E7D057}.Release|Any CPU.Build.0 = Release|Any CPU
	EndGlobalSection
	GlobalSection(SolutionProperties) = preSolution
		HideSolutionNode = FALSE
	EndGlobalSection
	GlobalSection(ExtensibilityGlobals) = postSolution
		SolutionGuid = {1A165610-67C3-4ED8-AFB3-9B0B5D614A8B}
	EndGlobalSection
EndGlobal
